
Microsoft Visual Studio Solution File, Format Version 12.00
# Visual Studio Version 17
VisualStudioVersion = 17.9.34310.174
MinimumVisualStudioVersion = 10.0.40219.1
Project("{FAE04EC0-301F-11D3-BF4B-00C04F79EFBC}") = "ConsoleAppAllowedValues", "ConsoleAppAllowedValues.csproj", "{D2BACBE7-1FDE-4883-9673-6A55B9CEE708}"
EndProject
Global
	GlobalSection(SolutionConfigurationPlatforms) = preSolution
		Debug|Any CPU = Debug|Any CPU
		Release|Any CPU = Release|Any CPU
	EndGlobalSection
	GlobalSection(ProjectConfigurationPlatforms) = postSolution
		{D2BACBE7-1FDE-4883-9673-6A55B9CEE708}.Debug|Any CPU.ActiveCfg = Debug|Any CPU
		{D2BACBE7-1FDE-4883-9673-6A55B9CEE708}.Debug|Any CPU.Build.0 = Debug|Any CPU
		{D2BACBE7-1FDE-4883-9673-6A55B9CEE708}.Release|Any CPU.ActiveCfg = Release|Any CPU
		{D2BACBE7-1FDE-4883-9673-6A55B9CEE708}.Release|Any CPU.Build.0 = Release|Any CPU
	EndGlobalSection
	GlobalSection(SolutionProperties) = preSolution
		HideSolutionNode = FALSE
	EndGlobalSection
	GlobalSection(ExtensibilityGlobals) = postSolution
		SolutionGuid = {B7E27440-012E-40DE-8392-63BA3D6624A6}
	EndGlobalSection
EndGlobal
