
Microsoft Visual Studio Solution File, Format Version 12.00
# Visual Studio Version 17
VisualStudioVersion = 17.9.34310.174
MinimumVisualStudioVersion = 10.0.40219.1
Project("{FAE04EC0-301F-11D3-BF4B-00C04F79EFBC}") = "ConsoleAppJsonNamingPolicy", "ConsoleAppJsonNamingPolicy.csproj", "{2B894E9A-9032-4ADF-BCCD-CCC0A290EA14}"
EndProject
Global
	GlobalSection(SolutionConfigurationPlatforms) = preSolution
		Debug|Any CPU = Debug|Any CPU
		Release|Any CPU = Release|Any CPU
	EndGlobalSection
	GlobalSection(ProjectConfigurationPlatforms) = postSolution
		{2B894E9A-9032-4ADF-BCCD-CCC0A290EA14}.Debug|Any CPU.ActiveCfg = Debug|Any CPU
		{2B894E9A-9032-4ADF-BCCD-CCC0A290EA14}.Debug|Any CPU.Build.0 = Debug|Any CPU
		{2B894E9A-9032-4ADF-BCCD-CCC0A290EA14}.Release|Any CPU.ActiveCfg = Release|Any CPU
		{2B894E9A-9032-4ADF-BCCD-CCC0A290EA14}.Release|Any CPU.Build.0 = Release|Any CPU
	EndGlobalSection
	GlobalSection(SolutionProperties) = preSolution
		HideSolutionNode = FALSE
	EndGlobalSection
	GlobalSection(ExtensibilityGlobals) = postSolution
		SolutionGuid = {F51D79AC-9A2B-486A-BFD5-E8BAA8B088E8}
	EndGlobalSection
EndGlobal
