
Microsoft Visual Studio Solution File, Format Version 12.00
# Visual Studio Version 17
VisualStudioVersion = 17.10.34607.79
MinimumVisualStudioVersion = 10.0.40219.1
Project("{FAE04EC0-301F-11D3-BF4B-00C04F79EFBC}") = "FunctionAppContagem", "FunctionAppContagem.csproj", "{9968621C-AD03-4D54-AF08-BB48EA891C74}"
EndProject
Global
	GlobalSection(SolutionConfigurationPlatforms) = preSolution
		Debug|Any CPU = Debug|Any CPU
		Release|Any CPU = Release|Any CPU
	EndGlobalSection
	GlobalSection(ProjectConfigurationPlatforms) = postSolution
		{9968621C-AD03-4D54-AF08-BB48EA891C74}.Debug|Any CPU.ActiveCfg = Debug|Any CPU
		{9968621C-AD03-4D54-AF08-BB48EA891C74}.Debug|Any CPU.Build.0 = Debug|Any CPU
		{9968621C-AD03-4D54-AF08-BB48EA891C74}.Release|Any CPU.ActiveCfg = Release|Any CPU
		{9968621C-AD03-4D54-AF08-BB48EA891C74}.Release|Any CPU.Build.0 = Release|Any CPU
	EndGlobalSection
	GlobalSection(SolutionProperties) = preSolution
		HideSolutionNode = FALSE
	EndGlobalSection
	GlobalSection(ExtensibilityGlobals) = postSolution
		SolutionGuid = {791BA6FE-45F3-48DB-9DA7-3A70D7D281B7}
	EndGlobalSection
EndGlobal
